
Microsoft Visual Studio Solution File, Format Version 12.00
# Visual Studio 15
VisualStudioVersion = 15.0.28307.572
MinimumVisualStudioVersion = 10.0.40219.1
Project("{FAE04EC0-301F-11D3-BF4B-00C04F79EFBC}") = "web_vstr_2_dom_rab", "web_vstr_2_dom_rab\web_vstr_2_dom_rab.csproj", "{504DA438-4B96-4B29-9A78-9490017EC7F5}"
EndProject
Global
	GlobalSection(SolutionConfigurationPlatforms) = preSolution
		Debug|Any CPU = Debug|Any CPU
		Release|Any CPU = Release|Any CPU
	EndGlobalSection
	GlobalSection(ProjectConfigurationPlatforms) = postSolution
		{504DA438-4B96-4B29-9A78-9490017EC7F5}.Debug|Any CPU.ActiveCfg = Debug|Any CPU
		{504DA438-4B96-4B29-9A78-9490017EC7F5}.Debug|Any CPU.Build.0 = Debug|Any CPU
		{504DA438-4B96-4B29-9A78-9490017EC7F5}.Release|Any CPU.ActiveCfg = Release|Any CPU
		{504DA438-4B96-4B29-9A78-9490017EC7F5}.Release|Any CPU.Build.0 = Release|Any CPU
	EndGlobalSection
	GlobalSection(SolutionProperties) = preSolution
		HideSolutionNode = FALSE
	EndGlobalSection
	GlobalSection(ExtensibilityGlobals) = postSolution
		SolutionGuid = {D427D468-97B1-41AF-9DCA-871C8D147CD1}
	EndGlobalSection
EndGlobal
